{
  "name": "React-Course",
  "lockfileVersion": 3,
  "requires": true,
  "packages": {
    "": {
      "dependencies": {
        "simpledev": "^1.0.8",
        "super": "^0.2.3"
      }
    },
    "node_modules/simpledev": {
      "version": "1.0.8",
      "resolved": "https://registry.npmjs.org/simpledev/-/simpledev-1.0.8.tgz",
      "integrity": "sha512-sQ4ySFNsqzy+jT+0sZKyznCwwXQaadvq0e51Pb7Sa5PUewD5lsx4JEsN13+8v6dg7qovW6tbI3CFSt7cBo287w==",
      "license": "MIT"
    },
    "node_modules/super": {
      "version": "0.2.3",
      "resolved": "https://registry.npmjs.org/super/-/super-0.2.3.tgz",
      "integrity": "sha512-fjYEpGyjeC7yeAqz9vb5pwuqgSvJ8adkMowLgfltfUnP9P8g17+l0GridSWkCuTaclxE5y4EcyZj8L2NI7t1Hg==",
      "engines": {
        "node": ">= 0.6.0"
      }
    }
  }
}
